// !$*UTF8*$!
{
	archiveVersion = 1;
	classes = {
	};
	objectVersion = 56;
	objects = {

/* Begin PBXBuildFile section */
		4B88393E294A0E9300B1C0E3 /* AppDelegate.swift in Sources */ = {isa = PBXBuildFile; fileRef = 4B88393D294A0E9300B1C0E3 /* AppDelegate.swift */; };
		4B883940294A0E9300B1C0E3 /* SceneDelegate.swift in Sources */ = {isa = PBXBuildFile; fileRef = 4B88393F294A0E9300B1C0E3 /* SceneDelegate.swift */; };
		4B883942294A0E9300B1C0E3 /* ViewController.swift in Sources */ = {isa = PBXBuildFile; fileRef = 4B883941294A0E9300B1C0E3 /* ViewController.swift */; };
		4B883945294A0E9300B1C0E3 /* Main.storyboard in Resources */ = {isa = PBXBuildFile; fileRef = 4B883943294A0E9300B1C0E3 /* Main.storyboard */; };
		4B883947294A0E9400B1C0E3 /* Assets.xcassets in Resources */ = {isa = PBXBuildFile; fileRef = 4B883946294A0E9400B1C0E3 /* Assets.xcassets */; };
		4B88394A294A0E9400B1C0E3 /* LaunchScreen.storyboard in Resources */ = {isa = PBXBuildFile; fileRef = 4B883948294A0E9400B1C0E3 /* LaunchScreen.storyboard */; };
		4B883955294A0E9400B1C0E3 /* _H0meW0rkTests.swift in Sources */ = {isa = PBXBuildFile; fileRef = 4B883954294A0E9400B1C0E3 /* _H0meW0rkTests.swift */; };
		4B88395F294A0E9400B1C0E3 /* _H0meW0rkUITests.swift in Sources */ = {isa = PBXBuildFile; fileRef = 4B88395E294A0E9400B1C0E3 /* _H0meW0rkUITests.swift */; };
		4B883961294A0E9400B1C0E3 /* _H0meW0rkUITestsLaunchTests.swift in Sources */ = {isa = PBXBuildFile; fileRef = 4B883960294A0E9400B1C0E3 /* _H0meW0rkUITestsLaunchTests.swift */; };
/* End PBXBuildFile section */

/* Begin PBXContainerItemProxy section */
		4B883951294A0E9400B1C0E3 /* PBXContainerItemProxy */ = {
			isa = PBXContainerItemProxy;
			containerPortal = 4B883932294A0E9300B1C0E3 /* Project object */;
			proxyType = 1;
			remoteGlobalIDString = 4B883939294A0E9300B1C0E3;
			remoteInfo = 7H0meW0rk;
		};
		4B88395B294A0E9400B1C0E3 /* PBXContainerItemProxy */ = {
			isa = PBXContainerItemProxy;
			containerPortal = 4B883932294A0E9300B1C0E3 /* Project object */;
			proxyType = 1;
			remoteGlobalIDString = 4B883939294A0E9300B1C0E3;
			remoteInfo = 7H0meW0rk;
		};
/* End PBXContainerItemProxy section */

/* Begin PBXFileReference section */
		4B88393A294A0E9300B1C0E3 /* 7H0meW0rk.app */ = {isa = PBXFileReference; explicitFileType = wrapper.application; includeInIndex = 0; path = 7H0meW0rk.app; sourceTree = BUILT_PRODUCTS_DIR; };
		4B88393D294A0E9300B1C0E3 /* AppDelegate.swift */ = {isa = PBXFileReference; lastKnownFileType = sourcecode.swift; path = AppDelegate.swift; sourceTree = "<group>"; };
		4B88393F294A0E9300B1C0E3 /* SceneDelegate.swift */ = {isa = PBXFileReference; lastKnownFileType = sourcecode.swift; path = SceneDelegate.swift; sourceTree = "<group>"; };
		4B883941294A0E9300B1C0E3 /* ViewController.swift */ = {isa = PBXFileReference; lastKnownFileType = sourcecode.swift; path = ViewController.swift; sourceTree = "<group>"; };
		4B883944294A0E9300B1C0E3 /* Base */ = {isa = PBXFileReference; lastKnownFileType = file.storyboard; name = Base; path = Base.lproj/Main.storyboard; sourceTree = "<group>"; };
		4B883946294A0E9400B1C0E3 /* Assets.xcassets */ = {isa = PBXFileReference; lastKnownFileType = folder.assetcatalog; path = Assets.xcassets; sourceTree = "<group>"; };
		4B883949294A0E9400B1C0E3 /* Base */ = {isa = PBXFileReference; lastKnownFileType = file.storyboard; name = Base; path = Base.lproj/LaunchScreen.storyboard; sourceTree = "<group>"; };
		4B88394B294A0E9400B1C0E3 /* Info.plist */ = {isa = PBXFileReference; lastKnownFileType = text.plist.xml; path = Info.plist; sourceTree = "<group>"; };
		4B883950294A0E9400B1C0E3 /* 7H0meW0rkTests.xctest */ = {isa = PBXFileReference; explicitFileType = wrapper.cfbundle; includeInIndex = 0; path = 7H0meW0rkTests.xctest; sourceTree = BUILT_PRODUCTS_DIR; };
		4B883954294A0E9400B1C0E3 /* _H0meW0rkTests.swift */ = {isa = PBXFileReference; lastKnownFileType = sourcecode.swift; path = _H0meW0rkTests.swift; sourceTree = "<group>"; };
		4B88395A294A0E9400B1C0E3 /* 7H0meW0rkUITests.xctest */ = {isa = PBXFileReference; explicitFileType = wrapper.cfbundle; includeInIndex = 0; path = 7H0meW0rkUITests.xctest; sourceTree = BUILT_PRODUCTS_DIR; };
		4B88395E294A0E9400B1C0E3 /* _H0meW0rkUITests.swift */ = {isa = PBXFileReference; lastKnownFileType = sourcecode.swift; path = _H0meW0rkUITests.swift; sourceTree = "<group>"; };
		4B883960294A0E9400B1C0E3 /* _H0meW0rkUITestsLaunchTests.swift */ = {isa = PBXFileReference; lastKnownFileType = sourcecode.swift; path = _H0meW0rkUITestsLaunchTests.swift; sourceTree = "<group>"; };
/* End PBXFileReference section */

/* Begin PBXFrameworksBuildPhase section */
		4B883937294A0E9300B1C0E3 /* Frameworks */ = {
			isa = PBXFrameworksBuildPhase;
			buildActionMask = 2147483647;
			files = (
			);
			runOnlyForDeploymentPostprocessing = 0;
		};
		4B88394D294A0E9400B1C0E3 /* Frameworks */ = {
			isa = PBXFrameworksBuildPhase;
			buildActionMask = 2147483647;
			files = (
			);
			runOnlyForDeploymentPostprocessing = 0;
		};
		4B883957294A0E9400B1C0E3 /* Frameworks */ = {
			isa = PBXFrameworksBuildPhase;
			buildActionMask = 2147483647;
			files = (
			);
			runOnlyForDeploymentPostprocessing = 0;
		};
/* End PBXFrameworksBuildPhase section */

/* Begin PBXGroup section */
		4B883931294A0E9300B1C0E3 = {
			isa = PBXGroup;
			children = (
				4B88393C294A0E9300B1C0E3 /* 7H0meW0rk */,
				4B883953294A0E9400B1C0E3 /* 7H0meW0rkTests */,
				4B88395D294A0E9400B1C0E3 /* 7H0meW0rkUITests */,
				4B88393B294A0E9300B1C0E3 /* Products */,
			);
			sourceTree = "<group>";
		};
		4B88393B294A0E9300B1C0E3 /* Products */ = {
			isa = PBXGroup;
			children = (
				4B88393A294A0E9300B1C0E3 /* 7H0meW0rk.app */,
				4B883950294A0E9400B1C0E3 /* 7H0meW0rkTests.xctest */,
				4B88395A294A0E9400B1C0E3 /* 7H0meW0rkUITests.xctest */,
			);
			name = Products;
			sourceTree = "<group>";
		};
		4B88393C294A0E9300B1C0E3 /* 7H0meW0rk */ = {
			isa = PBXGroup;
			children = (
				4B88393D294A0E9300B1C0E3 /* AppDelegate.swift */,
				4B88393F294A0E9300B1C0E3 /* SceneDelegate.swift */,
				4B883941294A0E9300B1C0E3 /* ViewController.swift */,
				4B883943294A0E9300B1C0E3 /* Main.storyboard */,
				4B883946294A0E9400B1C0E3 /* Assets.xcassets */,
				4B883948294A0E9400B1C0E3 /* LaunchScreen.storyboard */,
				4B88394B294A0E9400B1C0E3 /* Info.plist */,
			);
			path = 7H0meW0rk;
			sourceTree = "<group>";
		};
		4B883953294A0E9400B1C0E3 /* 7H0meW0rkTests */ = {
			isa = PBXGroup;
			children = (
				4B883954294A0E9400B1C0E3 /* _H0meW0rkTests.swift */,
			);
			path = 7H0meW0rkTests;
			sourceTree = "<group>";
		};
		4B88395D294A0E9400B1C0E3 /* 7H0meW0rkUITests */ = {
			isa = PBXGroup;
			children = (
				4B88395E294A0E9400B1C0E3 /* _H0meW0rkUITests.swift */,
				4B883960294A0E9400B1C0E3 /* _H0meW0rkUITestsLaunchTests.swift */,
			);
			path = 7H0meW0rkUITests;
			sourceTree = "<group>";
		};
/* End PBXGroup section */

/* Begin PBXNativeTarget section */
		4B883939294A0E9300B1C0E3 /* 7H0meW0rk */ = {
			isa = PBXNativeTarget;
			buildConfigurationList = 4B883964294A0E9400B1C0E3 /* Build configuration list for PBXNativeTarget "7H0meW0rk" */;
			buildPhases = (
				4B883936294A0E9300B1C0E3 /* Sources */,
				4B883937294A0E9300B1C0E3 /* Frameworks */,
				4B883938294A0E9300B1C0E3 /* Resources */,
			);
			buildRules = (
			);
			dependencies = (
			);
			name = 7H0meW0rk;
			productName = 7H0meW0rk;
			productReference = 4B88393A294A0E9300B1C0E3 /* 7H0meW0rk.app */;
			productType = "com.apple.product-type.application";
		};
		4B88394F294A0E9400B1C0E3 /* 7H0meW0rkTests */ = {
			isa = PBXNativeTarget;
			buildConfigurationList = 4B883967294A0E9400B1C0E3 /* Build configuration list for PBXNativeTarget "7H0meW0rkTests" */;
			buildPhases = (
				4B88394C294A0E9400B1C0E3 /* Sources */,
				4B88394D294A0E9400B1C0E3 /* Frameworks */,
				4B88394E294A0E9400B1C0E3 /* Resources */,
			);
			buildRules = (
			);
			dependencies = (
				4B883952294A0E9400B1C0E3 /* PBXTargetDependency */,
			);
			name = 7H0meW0rkTests;
			productName = 7H0meW0rkTests;
			productReference = 4B883950294A0E9400B1C0E3 /* 7H0meW0rkTests.xctest */;
			productType = "com.apple.product-type.bundle.unit-test";
		};
		4B883959294A0E9400B1C0E3 /* 7H0meW0rkUITests */ = {
			isa = PBXNativeTarget;
			buildConfigurationList = 4B88396A294A0E9400B1C0E3 /* Build configuration list for PBXNativeTarget "7H0meW0rkUITests" */;
			buildPhases = (
				4B883956294A0E9400B1C0E3 /* Sources */,
				4B883957294A0E9400B1C0E3 /* Frameworks */,
				4B883958294A0E9400B1C0E3 /* Resources */,
			);
			buildRules = (
			);
			dependencies = (
				4B88395C294A0E9400B1C0E3 /* PBXTargetDependency */,
			);
			name = 7H0meW0rkUITests;
			productName = 7H0meW0rkUITests;
			productReference = 4B88395A294A0E9400B1C0E3 /* 7H0meW0rkUITests.xctest */;
			productType = "com.apple.product-type.bundle.ui-testing";
		};
/* End PBXNativeTarget section */

/* Begin PBXProject section */
		4B883932294A0E9300B1C0E3 /* Project object */ = {
			isa = PBXProject;
			attributes = {
				BuildIndependentTargetsInParallel = 1;
				LastSwiftUpdateCheck = 1410;
				LastUpgradeCheck = 1410;
				TargetAttributes = {
					4B883939294A0E9300B1C0E3 = {
						CreatedOnToolsVersion = 14.1;
					};
					4B88394F294A0E9400B1C0E3 = {
						CreatedOnToolsVersion = 14.1;
						TestTargetID = 4B883939294A0E9300B1C0E3;
					};
					4B883959294A0E9400B1C0E3 = {
						CreatedOnToolsVersion = 14.1;
						TestTargetID = 4B883939294A0E9300B1C0E3;
					};
				};
			};
			buildConfigurationList = 4B883935294A0E9300B1C0E3 /* Build configuration list for PBXProject "7H0meW0rk" */;
			compatibilityVersion = "Xcode 14.0";
			developmentRegion = en;
			hasScannedForEncodings = 0;
			knownRegions = (
				en,
				Base,
			);
			mainGroup = 4B883931294A0E9300B1C0E3;
			productRefGroup = 4B88393B294A0E9300B1C0E3 /* Products */;
			projectDirPath = "";
			projectRoot = "";
			targets = (
				4B883939294A0E9300B1C0E3 /* 7H0meW0rk */,
				4B88394F294A0E9400B1C0E3 /* 7H0meW0rkTests */,
				4B883959294A0E9400B1C0E3 /* 7H0meW0rkUITests */,
			);
		};
/* End PBXProject section */

/* Begin PBXResourcesBuildPhase section */
		4B883938294A0E9300B1C0E3 /* Resources */ = {
			isa = PBXResourcesBuildPhase;
			buildActionMask = 2147483647;
			files = (
				4B88394A294A0E9400B1C0E3 /* LaunchScreen.storyboard in Resources */,
				4B883947294A0E9400B1C0E3 /* Assets.xcassets in Resources */,
				4B883945294A0E9300B1C0E3 /* Main.storyboard in Resources */,
			);
			runOnlyForDeploymentPostprocessing = 0;
		};
		4B88394E294A0E9400B1C0E3 /* Resources */ = {
			isa = PBXResourcesBuildPhase;
			buildActionMask = 2147483647;
			files = (
			);
			runOnlyForDeploymentPostprocessing = 0;
		};
		4B883958294A0E9400B1C0E3 /* Resources */ = {
			isa = PBXResourcesBuildPhase;
			buildActionMask = 2147483647;
			files = (
			);
			runOnlyForDeploymentPostprocessing = 0;
		};
/* End PBXResourcesBuildPhase section */

/* Begin PBXSourcesBuildPhase section */
		4B883936294A0E9300B1C0E3 /* Sources */ = {
			isa = PBXSourcesBuildPhase;
			buildActionMask = 2147483647;
			files = (
				4B883942294A0E9300B1C0E3 /* ViewController.swift in Sources */,
				4B88393E294A0E9300B1C0E3 /* AppDelegate.swift in Sources */,
				4B883940294A0E9300B1C0E3 /* SceneDelegate.swift in Sources */,
			);
			runOnlyForDeploymentPostprocessing = 0;
		};
		4B88394C294A0E9400B1C0E3 /* Sources */ = {
			isa = PBXSourcesBuildPhase;
			buildActionMask = 2147483647;
			files = (
				4B883955294A0E9400B1C0E3 /* _H0meW0rkTests.swift in Sources */,
			);
			runOnlyForDeploymentPostprocessing = 0;
		};
		4B883956294A0E9400B1C0E3 /* Sources */ = {
			isa = PBXSourcesBuildPhase;
			buildActionMask = 2147483647;
			files = (
				4B883961294A0E9400B1C0E3 /* _H0meW0rkUITestsLaunchTests.swift in Sources */,
				4B88395F294A0E9400B1C0E3 /* _H0meW0rkUITests.swift in Sources */,
			);
			runOnlyForDeploymentPostprocessing = 0;
		};
/* End PBXSourcesBuildPhase section */

/* Begin PBXTargetDependency section */
		4B883952294A0E9400B1C0E3 /* PBXTargetDependency */ = {
			isa = PBXTargetDependency;
			target = 4B883939294A0E9300B1C0E3 /* 7H0meW0rk */;
			targetProxy = 4B883951294A0E9400B1C0E3 /* PBXContainerItemProxy */;
		};
		4B88395C294A0E9400B1C0E3 /* PBXTargetDependency */ = {
			isa = PBXTargetDependency;
			target = 4B883939294A0E9300B1C0E3 /* 7H0meW0rk */;
			targetProxy = 4B88395B294A0E9400B1C0E3 /* PBXContainerItemProxy */;
		};
/* End PBXTargetDependency section */

/* Begin PBXVariantGroup section */
		4B883943294A0E9300B1C0E3 /* Main.storyboard */ = {
			isa = PBXVariantGroup;
			children = (
				4B883944294A0E9300B1C0E3 /* Base */,
			);
			name = Main.storyboard;
			sourceTree = "<group>";
		};
		4B883948294A0E9400B1C0E3 /* LaunchScreen.storyboard */ = {
			isa = PBXVariantGroup;
			children = (
				4B883949294A0E9400B1C0E3 /* Base */,
			);
			name = LaunchScreen.storyboard;
			sourceTree = "<group>";
		};
/* End PBXVariantGroup section */

/* Begin XCBuildConfiguration section */
		4B883962294A0E9400B1C0E3 /* Debug */ = {
			isa = XCBuildConfiguration;
			buildSettings = {
				ALWAYS_SEARCH_USER_PATHS = NO;
				CLANG_ANALYZER_NONNULL = YES;
				CLANG_ANALYZER_NUMBER_OBJECT_CONVERSION = YES_AGGRESSIVE;
				CLANG_CXX_LANGUAGE_STANDARD = "gnu++20";
				CLANG_ENABLE_MODULES = YES;
				CLANG_ENABLE_OBJC_ARC = YES;
				CLANG_ENABLE_OBJC_WEAK = YES;
				CLANG_WARN_BLOCK_CAPTURE_AUTORELEASING = YES;
				CLANG_WARN_BOOL_CONVERSION = YES;
				CLANG_WARN_COMMA = YES;
				CLANG_WARN_CONSTANT_CONVERSION = YES;
				CLANG_WARN_DEPRECATED_OBJC_IMPLEMENTATIONS = YES;
				CLANG_WARN_DIRECT_OBJC_ISA_USAGE = YES_ERROR;
				CLANG_WARN_DOCUMENTATION_COMMENTS = YES;
				CLANG_WARN_EMPTY_BODY = YES;
				CLANG_WARN_ENUM_CONVERSION = YES;
				CLANG_WARN_INFINITE_RECURSION = YES;
				CLANG_WARN_INT_CONVERSION = YES;
				CLANG_WARN_NON_LITERAL_NULL_CONVERSION = YES;
				CLANG_WARN_OBJC_IMPLICIT_RETAIN_SELF = YES;
				CLANG_WARN_OBJC_LITERAL_CONVERSION = YES;
				CLANG_WARN_OBJC_ROOT_CLASS = YES_ERROR;
				CLANG_WARN_QUOTED_INCLUDE_IN_FRAMEWORK_HEADER = YES;
				CLANG_WARN_RANGE_LOOP_ANALYSIS = YES;
				CLANG_WARN_STRICT_PROTOTYPES = YES;
				CLANG_WARN_SUSPICIOUS_MOVE = YES;
				CLANG_WARN_UNGUARDED_AVAILABILITY = YES_AGGRESSIVE;
				CLANG_WARN_UNREACHABLE_CODE = YES;
				CLANG_WARN__DUPLICATE_METHOD_MATCH = YES;
				COPY_PHASE_STRIP = NO;
				DEBUG_INFORMATION_FORMAT = dwarf;
				ENABLE_STRICT_OBJC_MSGSEND = YES;
				ENABLE_TESTABILITY = YES;
				GCC_C_LANGUAGE_STANDARD = gnu11;
				GCC_DYNAMIC_NO_PIC = NO;
				GCC_NO_COMMON_BLOCKS = YES;
				GCC_OPTIMIZATION_LEVEL = 0;
				GCC_PREPROCESSOR_DEFINITIONS = (
					"DEBUG=1",
					"$(inherited)",
				);
				GCC_WARN_64_TO_32_BIT_CONVERSION = YES;
				GCC_WARN_ABOUT_RETURN_TYPE = YES_ERROR;
				GCC_WARN_UNDECLARED_SELECTOR = YES;
				GCC_WARN_UNINITIALIZED_AUTOS = YES_AGGRESSIVE;
				GCC_WARN_UNUSED_FUNCTION = YES;
				GCC_WARN_UNUSED_VARIABLE = YES;
				IPHONEOS_DEPLOYMENT_TARGET = 16.1;
				MTL_ENABLE_DEBUG_INFO = INCLUDE_SOURCE;
				MTL_FAST_MATH = YES;
				ONLY_ACTIVE_ARCH = YES;
				SDKROOT = iphoneos;
				SWIFT_ACTIVE_COMPILATION_CONDITIONS = DEBUG;
				SWIFT_OPTIMIZATION_LEVEL = "-Onone";
			};
			name = Debug;
		};
		4B883963294A0E9400B1C0E3 /* Release */ = {
			isa = XCBuildConfiguration;
			buildSettings = {
				ALWAYS_SEARCH_USER_PATHS = NO;
				CLANG_ANALYZER_NONNULL = YES;
				CLANG_ANALYZER_NUMBER_OBJECT_CONVERSION = YES_AGGRESSIVE;
				CLANG_CXX_LANGUAGE_STANDARD = "gnu++20";
				CLANG_ENABLE_MODULES = YES;
				CLANG_ENABLE_OBJC_ARC = YES;
				CLANG_ENABLE_OBJC_WEAK = YES;
				CLANG_WARN_BLOCK_CAPTURE_AUTORELEASING = YES;
				CLANG_WARN_BOOL_CONVERSION = YES;
				CLANG_WARN_COMMA = YES;
				CLANG_WARN_CONSTANT_CONVERSION = YES;
				CLANG_WARN_DEPRECATED_OBJC_IMPLEMENTATIONS = YES;
				CLANG_WARN_DIRECT_OBJC_ISA_USAGE = YES_ERROR;
				CLANG_WARN_DOCUMENTATION_COMMENTS = YES;
				CLANG_WARN_EMPTY_BODY = YES;
				CLANG_WARN_ENUM_CONVERSION = YES;
				CLANG_WARN_INFINITE_RECURSION = YES;
				CLANG_WARN_INT_CONVERSION = YES;
				CLANG_WARN_NON_LITERAL_NULL_CONVERSION = YES;
				CLANG_WARN_OBJC_IMPLICIT_RETAIN_SELF = YES;
				CLANG_WARN_OBJC_LITERAL_CONVERSION = YES;
				CLANG_WARN_OBJC_ROOT_CLASS = YES_ERROR;
				CLANG_WARN_QUOTED_INCLUDE_IN_FRAMEWORK_HEADER = YES;
				CLANG_WARN_RANGE_LOOP_ANALYSIS = YES;
				CLANG_WARN_STRICT_PROTOTYPES = YES;
				CLANG_WARN_SUSPICIOUS_MOVE = YES;
				CLANG_WARN_UNGUARDED_AVAILABILITY = YES_AGGRESSIVE;
				CLANG_WARN_UNREACHABLE_CODE = YES;
				CLANG_WARN__DUPLICATE_METHOD_MATCH = YES;
				COPY_PHASE_STRIP = NO;
				DEBUG_INFORMATION_FORMAT = "dwarf-with-dsym";
				ENABLE_NS_ASSERTIONS = NO;
				ENABLE_STRICT_OBJC_MSGSEND = YES;
				GCC_C_LANGUAGE_STANDARD = gnu11;
				GCC_NO_COMMON_BLOCKS = YES;
				GCC_WARN_64_TO_32_BIT_CONVERSION = YES;
				GCC_WARN_ABOUT_RETURN_TYPE = YES_ERROR;
				GCC_WARN_UNDECLARED_SELECTOR = YES;
				GCC_WARN_UNINITIALIZED_AUTOS = YES_AGGRESSIVE;
				GCC_WARN_UNUSED_FUNCTION = YES;
				GCC_WARN_UNUSED_VARIABLE = YES;
				IPHONEOS_DEPLOYMENT_TARGET = 16.1;
				MTL_ENABLE_DEBUG_INFO = NO;
				MTL_FAST_MATH = YES;
				SDKROOT = iphoneos;
				SWIFT_COMPILATION_MODE = wholemodule;
				SWIFT_OPTIMIZATION_LEVEL = "-O";
				VALIDATE_PRODUCT = YES;
			};
			name = Release;
		};
		4B883965294A0E9400B1C0E3 /* Debug */ = {
			isa = XCBuildConfiguration;
			buildSettings = {
				ASSETCATALOG_COMPILER_APPICON_NAME = AppIcon;
				ASSETCATALOG_COMPILER_GLOBAL_ACCENT_COLOR_NAME = AccentColor;
				CODE_SIGN_STYLE = Automatic;
				CURRENT_PROJECT_VERSION = 1;
				DEVELOPMENT_TEAM = 76WGMLJW24;
				GENERATE_INFOPLIST_FILE = YES;
				INFOPLIST_FILE = 7H0meW0rk/Info.plist;
				INFOPLIST_KEY_UIApplicationSupportsIndirectInputEvents = YES;
				INFOPLIST_KEY_UILaunchStoryboardName = LaunchScreen;
				INFOPLIST_KEY_UIMainStoryboardFile = Main;
				INFOPLIST_KEY_UISupportedInterfaceOrientations_iPad = "UIInterfaceOrientationPortrait UIInterfaceOrientationPortraitUpsideDown UIInterfaceOrientationLandscapeLeft UIInterfaceOrientationLandscapeRight";
				INFOPLIST_KEY_UISupportedInterfaceOrientations_iPhone = "UIInterfaceOrientationPortrait UIInterfaceOrientationLandscapeLeft UIInterfaceOrientationLandscapeRight";
				LD_RUNPATH_SEARCH_PATHS = (
					"$(inherited)",
					"@executable_path/Frameworks",
				);
				MARKETING_VERSION = 1.0;
				PRODUCT_BUNDLE_IDENTIFIER = "macos-swift.-H0meW0rk";
				PRODUCT_NAME = "$(TARGET_NAME)";
				SWIFT_EMIT_LOC_STRINGS = YES;
				SWIFT_VERSION = 5.0;
				TARGETED_DEVICE_FAMILY = "1,2";
			};
			name = Debug;
		};
		4B883966294A0E9400B1C0E3 /* Release */ = {
			isa = XCBuildConfiguration;
			buildSettings = {
				ASSETCATALOG_COMPILER_APPICON_NAME = AppIcon;
				ASSETCATALOG_COMPILER_GLOBAL_ACCENT_COLOR_NAME = AccentColor;
				CODE_SIGN_STYLE = Automatic;
				CURRENT_PROJECT_VERSION = 1;
				DEVELOPMENT_TEAM = 76WGMLJW24;
				GENERATE_INFOPLIST_FILE = YES;
				INFOPLIST_FILE = 7H0meW0rk/Info.plist;
				INFOPLIST_KEY_UIApplicationSupportsIndirectInputEvents = YES;
				INFOPLIST_KEY_UILaunchStoryboardName = LaunchScreen;
				INFOPLIST_KEY_UIMainStoryboardFile = Main;
				INFOPLIST_KEY_UISupportedInterfaceOrientations_iPad = "UIInterfaceOrientationPortrait UIInterfaceOrientationPortraitUpsideDown UIInterfaceOrientationLandscapeLeft UIInterfaceOrientationLandscapeRight";
				INFOPLIST_KEY_UISupportedInterfaceOrientations_iPhone = "UIInterfaceOrientationPortrait UIInterfaceOrientationLandscapeLeft UIInterfaceOrientationLandscapeRight";
				LD_RUNPATH_SEARCH_PATHS = (
					"$(inherited)",
					"@executable_path/Frameworks",
				);
				MARKETING_VERSION = 1.0;
				PRODUCT_BUNDLE_IDENTIFIER = "macos-swift.-H0meW0rk";
				PRODUCT_NAME = "$(TARGET_NAME)";
				SWIFT_EMIT_LOC_STRINGS = YES;
				SWIFT_VERSION = 5.0;
				TARGETED_DEVICE_FAMILY = "1,2";
			};
			name = Release;
		};
		4B883968294A0E9400B1C0E3 /* Debug */ = {
			isa = XCBuildConfiguration;
			buildSettings = {
				ALWAYS_EMBED_SWIFT_STANDARD_LIBRARIES = YES;
				BUNDLE_LOADER = "$(TEST_HOST)";
				CODE_SIGN_STYLE = Automatic;
				CURRENT_PROJECT_VERSION = 1;
				DEVELOPMENT_TEAM = 76WGMLJW24;
				GENERATE_INFOPLIST_FILE = YES;
				IPHONEOS_DEPLOYMENT_TARGET = 16.1;
				MARKETING_VERSION = 1.0;
				PRODUCT_BUNDLE_IDENTIFIER = "macos-swift.-H0meW0rkTests";
				PRODUCT_NAME = "$(TARGET_NAME)";
				SWIFT_EMIT_LOC_STRINGS = NO;
				SWIFT_VERSION = 5.0;
				TARGETED_DEVICE_FAMILY = "1,2";
				TEST_HOST = "$(BUILT_PRODUCTS_DIR)/7H0meW0rk.app/$(BUNDLE_EXECUTABLE_FOLDER_PATH)/7H0meW0rk";
			};
			name = Debug;
		};
		4B883969294A0E9400B1C0E3 /* Release */ = {
			isa = XCBuildConfiguration;
			buildSettings = {
				ALWAYS_EMBED_SWIFT_STANDARD_LIBRARIES = YES;
				BUNDLE_LOADER = "$(TEST_HOST)";
				CODE_SIGN_STYLE = Automatic;
				CURRENT_PROJECT_VERSION = 1;
				DEVELOPMENT_TEAM = 76WGMLJW24;
				GENERATE_INFOPLIST_FILE = YES;
				IPHONEOS_DEPLOYMENT_TARGET = 16.1;
				MARKETING_VERSION = 1.0;
				PRODUCT_BUNDLE_IDENTIFIER = "macos-swift.-H0meW0rkTests";
				PRODUCT_NAME = "$(TARGET_NAME)";
				SWIFT_EMIT_LOC_STRINGS = NO;
				SWIFT_VERSION = 5.0;
				TARGETED_DEVICE_FAMILY = "1,2";
				TEST_HOST = "$(BUILT_PRODUCTS_DIR)/7H0meW0rk.app/$(BUNDLE_EXECUTABLE_FOLDER_PATH)/7H0meW0rk";
			};
			name = Release;
		};
		4B88396B294A0E9400B1C0E3 /* Debug */ = {
			isa = XCBuildConfiguration;
			buildSettings = {
				ALWAYS_EMBED_SWIFT_STANDARD_LIBRARIES = YES;
				CODE_SIGN_STYLE = Automatic;
				CURRENT_PROJECT_VERSION = 1;
				DEVELOPMENT_TEAM = 76WGMLJW24;
				GENERATE_INFOPLIST_FILE = YES;
				MARKETING_VERSION = 1.0;
				PRODUCT_BUNDLE_IDENTIFIER = "macos-swift.-H0meW0rkUITests";
				PRODUCT_NAME = "$(TARGET_NAME)";
				SWIFT_EMIT_LOC_STRINGS = NO;
				SWIFT_VERSION = 5.0;
				TARGETED_DEVICE_FAMILY = "1,2";
				TEST_TARGET_NAME = 7H0meW0rk;
			};
			name = Debug;
		};
		4B88396C294A0E9400B1C0E3 /* Release */ = {
			isa = XCBuildConfiguration;
			buildSettings = {
				ALWAYS_EMBED_SWIFT_STANDARD_LIBRARIES = YES;
				CODE_SIGN_STYLE = Automatic;
				CURRENT_PROJECT_VERSION = 1;
				DEVELOPMENT_TEAM = 76WGMLJW24;
				GENERATE_INFOPLIST_FILE = YES;
				MARKETING_VERSION = 1.0;
				PRODUCT_BUNDLE_IDENTIFIER = "macos-swift.-H0meW0rkUITests";
				PRODUCT_NAME = "$(TARGET_NAME)";
				SWIFT_EMIT_LOC_STRINGS = NO;
				SWIFT_VERSION = 5.0;
				TARGETED_DEVICE_FAMILY = "1,2";
				TEST_TARGET_NAME = 7H0meW0rk;
			};
			name = Release;
		};
/* End XCBuildConfiguration section */

/* Begin XCConfigurationList section */
		4B883935294A0E9300B1C0E3 /* Build configuration list for PBXProject "7H0meW0rk" */ = {
			isa = XCConfigurationList;
			buildConfigurations = (
				4B883962294A0E9400B1C0E3 /* Debug */,
				4B883963294A0E9400B1C0E3 /* Release */,
			);
			defaultConfigurationIsVisible = 0;
			defaultConfigurationName = Release;
		};
		4B883964294A0E9400B1C0E3 /* Build configuration list for PBXNativeTarget "7H0meW0rk" */ = {
			isa = XCConfigurationList;
			buildConfigurations = (
				4B883965294A0E9400B1C0E3 /* Debug */,
				4B883966294A0E9400B1C0E3 /* Release */,
			);
			defaultConfigurationIsVisible = 0;
			defaultConfigurationName = Release;
		};
		4B883967294A0E9400B1C0E3 /* Build configuration list for PBXNativeTarget "7H0meW0rkTests" */ = {
			isa = XCConfigurationList;
			buildConfigurations = (
				4B883968294A0E9400B1C0E3 /* Debug */,
				4B883969294A0E9400B1C0E3 /* Release */,
			);
			defaultConfigurationIsVisible = 0;
			defaultConfigurationName = Release;
		};
		4B88396A294A0E9400B1C0E3 /* Build configuration list for PBXNativeTarget "7H0meW0rkUITests" */ = {
			isa = XCConfigurationList;
			buildConfigurations = (
				4B88396B294A0E9400B1C0E3 /* Debug */,
				4B88396C294A0E9400B1C0E3 /* Release */,
			);
			defaultConfigurationIsVisible = 0;
			defaultConfigurationName = Release;
		};
/* End XCConfigurationList section */
	};
	rootObject = 4B883932294A0E9300B1C0E3 /* Project object */;
}
